// !$*UTF8*$!
{
	archiveVersion = 1;
	classes = {
	};
	objectVersion = 56;
	objects = {

/* Begin PBXBuildFile section */
		878A202B2B4019C300AD5024 /* sign1App.swift in Sources */ = {isa = PBXBuildFile; fileRef = 878A202A2B4019C300AD5024 /* sign1App.swift */; };
		878A202D2B4019C300AD5024 /* ContentView.swift in Sources */ = {isa = PBXBuildFile; fileRef = 878A202C2B4019C300AD5024 /* ContentView.swift */; };
		878A202F2B4019C400AD5024 /* Assets.xcassets in Resources */ = {isa = PBXBuildFile; fileRef = 878A202E2B4019C400AD5024 /* Assets.xcassets */; };
		878A20322B4019C400AD5024 /* Preview Assets.xcassets in Resources */ = {isa = PBXBuildFile; fileRef = 878A20312B4019C400AD5024 /* Preview Assets.xcassets */; };
		878A203C2B4019C400AD5024 /* sign1Tests.swift in Sources */ = {isa = PBXBuildFile; fileRef = 878A203B2B4019C400AD5024 /* sign1Tests.swift */; };
		878A20462B4019C400AD5024 /* sign1UITests.swift in Sources */ = {isa = PBXBuildFile; fileRef = 878A20452B4019C400AD5024 /* sign1UITests.swift */; };
		878A20482B4019C400AD5024 /* sign1UITestsLaunchTests.swift in Sources */ = {isa = PBXBuildFile; fileRef = 878A20472B4019C400AD5024 /* sign1UITestsLaunchTests.swift */; };
		878A205B2B4020EB00AD5024 /* CameraViewAdapter.swift in Sources */ = {isa = PBXBuildFile; fileRef = 878A205A2B4020EB00AD5024 /* CameraViewAdapter.swift */; };
		878A205D2B4020F000AD5024 /* VideoUploader.swift in Sources */ = {isa = PBXBuildFile; fileRef = 878A205C2B4020F000AD5024 /* VideoUploader.swift */; };
		878A205F2B4020F800AD5024 /* CameraViewController.swift in Sources */ = {isa = PBXBuildFile; fileRef = 878A205E2B4020F800AD5024 /* CameraViewController.swift */; };
/* End PBXBuildFile section */

/* Begin PBXContainerItemProxy section */
		878A20382B4019C400AD5024 /* PBXContainerItemProxy */ = {
			isa = PBXContainerItemProxy;
			containerPortal = 878A201F2B4019C300AD5024 /* Project object */;
			proxyType = 1;
			remoteGlobalIDString = 878A20262B4019C300AD5024;
			remoteInfo = sign1;
		};
		878A20422B4019C400AD5024 /* PBXContainerItemProxy */ = {
			isa = PBXContainerItemProxy;
			containerPortal = 878A201F2B4019C300AD5024 /* Project object */;
			proxyType = 1;
			remoteGlobalIDString = 878A20262B4019C300AD5024;
			remoteInfo = sign1;
		};
/* End PBXContainerItemProxy section */

/* Begin PBXFileReference section */
		878A20272B4019C300AD5024 /* sign1.app */ = {isa = PBXFileReference; explicitFileType = wrapper.application; includeInIndex = 0; path = sign1.app; sourceTree = BUILT_PRODUCTS_DIR; };
		878A202A2B4019C300AD5024 /* sign1App.swift */ = {isa = PBXFileReference; lastKnownFileType = sourcecode.swift; path = sign1App.swift; sourceTree = "<group>"; };
		878A202C2B4019C300AD5024 /* ContentView.swift */ = {isa = PBXFileReference; lastKnownFileType = sourcecode.swift; path = ContentView.swift; sourceTree = "<group>"; };
		878A202E2B4019C400AD5024 /* Assets.xcassets */ = {isa = PBXFileReference; lastKnownFileType = folder.assetcatalog; path = Assets.xcassets; sourceTree = "<group>"; };
		878A20312B4019C400AD5024 /* Preview Assets.xcassets */ = {isa = PBXFileReference; lastKnownFileType = folder.assetcatalog; path = "Preview Assets.xcassets"; sourceTree = "<group>"; };
		878A20372B4019C400AD5024 /* sign1Tests.xctest */ = {isa = PBXFileReference; explicitFileType = wrapper.cfbundle; includeInIndex = 0; path = sign1Tests.xctest; sourceTree = BUILT_PRODUCTS_DIR; };
		878A203B2B4019C400AD5024 /* sign1Tests.swift */ = {isa = PBXFileReference; lastKnownFileType = sourcecode.swift; path = sign1Tests.swift; sourceTree = "<group>"; };
		878A20412B4019C400AD5024 /* sign1UITests.xctest */ = {isa = PBXFileReference; explicitFileType = wrapper.cfbundle; includeInIndex = 0; path = sign1UITests.xctest; sourceTree = BUILT_PRODUCTS_DIR; };
		878A20452B4019C400AD5024 /* sign1UITests.swift */ = {isa = PBXFileReference; lastKnownFileType = sourcecode.swift; path = sign1UITests.swift; sourceTree = "<group>"; };
		878A20472B4019C400AD5024 /* sign1UITestsLaunchTests.swift */ = {isa = PBXFileReference; lastKnownFileType = sourcecode.swift; path = sign1UITestsLaunchTests.swift; sourceTree = "<group>"; };
		878A205A2B4020EB00AD5024 /* CameraViewAdapter.swift */ = {isa = PBXFileReference; fileEncoding = 4; lastKnownFileType = sourcecode.swift; path = CameraViewAdapter.swift; sourceTree = "<group>"; };
		878A205C2B4020F000AD5024 /* VideoUploader.swift */ = {isa = PBXFileReference; fileEncoding = 4; lastKnownFileType = sourcecode.swift; path = VideoUploader.swift; sourceTree = "<group>"; };
		878A205E2B4020F800AD5024 /* CameraViewController.swift */ = {isa = PBXFileReference; fileEncoding = 4; lastKnownFileType = sourcecode.swift; path = CameraViewController.swift; sourceTree = "<group>"; };
/* End PBXFileReference section */

/* Begin PBXFrameworksBuildPhase section */
		878A20242B4019C300AD5024 /* Frameworks */ = {
			isa = PBXFrameworksBuildPhase;
			buildActionMask = 2147483647;
			files = (
			);
			runOnlyForDeploymentPostprocessing = 0;
		};
		878A20342B4019C400AD5024 /* Frameworks */ = {
			isa = PBXFrameworksBuildPhase;
			buildActionMask = 2147483647;
			files = (
			);
			runOnlyForDeploymentPostprocessing = 0;
		};
		878A203E2B4019C400AD5024 /* Frameworks */ = {
			isa = PBXFrameworksBuildPhase;
			buildActionMask = 2147483647;
			files = (
			);
			runOnlyForDeploymentPostprocessing = 0;
		};
/* End PBXFrameworksBuildPhase section */

/* Begin PBXGroup section */
		878A201E2B4019C300AD5024 = {
			isa = PBXGroup;
			children = (
				878A20292B4019C300AD5024 /* sign1 */,
				878A203A2B4019C400AD5024 /* sign1Tests */,
				878A20442B4019C400AD5024 /* sign1UITests */,
				878A20282B4019C300AD5024 /* Products */,
			);
			sourceTree = "<group>";
		};
		878A20282B4019C300AD5024 /* Products */ = {
			isa = PBXGroup;
			children = (
				878A20272B4019C300AD5024 /* sign1.app */,
				878A20372B4019C400AD5024 /* sign1Tests.xctest */,
				878A20412B4019C400AD5024 /* sign1UITests.xctest */,
			);
			name = Products;
			sourceTree = "<group>";
		};
		878A20292B4019C300AD5024 /* sign1 */ = {
			isa = PBXGroup;
			children = (
				878A205E2B4020F800AD5024 /* CameraViewController.swift */,
				878A205A2B4020EB00AD5024 /* CameraViewAdapter.swift */,
				878A205C2B4020F000AD5024 /* VideoUploader.swift */,
				878A202A2B4019C300AD5024 /* sign1App.swift */,
				878A202C2B4019C300AD5024 /* ContentView.swift */,
				878A202E2B4019C400AD5024 /* Assets.xcassets */,
				878A20302B4019C400AD5024 /* Preview Content */,
			);
			path = sign1;
			sourceTree = "<group>";
		};
		878A20302B4019C400AD5024 /* Preview Content */ = {
			isa = PBXGroup;
			children = (
				878A20312B4019C400AD5024 /* Preview Assets.xcassets */,
			);
			path = "Preview Content";
			sourceTree = "<group>";
		};
		878A203A2B4019C400AD5024 /* sign1Tests */ = {
			isa = PBXGroup;
			children = (
				878A203B2B4019C400AD5024 /* sign1Tests.swift */,
			);
			path = sign1Tests;
			sourceTree = "<group>";
		};
		878A20442B4019C400AD5024 /* sign1UITests */ = {
			isa = PBXGroup;
			children = (
				878A20452B4019C400AD5024 /* sign1UITests.swift */,
				878A20472B4019C400AD5024 /* sign1UITestsLaunchTests.swift */,
			);
			path = sign1UITests;
			sourceTree = "<group>";
		};
/* End PBXGroup section */

/* Begin PBXNativeTarget section */
		878A20262B4019C300AD5024 /* sign1 */ = {
			isa = PBXNativeTarget;
			buildConfigurationList = 878A204B2B4019C400AD5024 /* Build configuration list for PBXNativeTarget "sign1" */;
			buildPhases = (
				878A20232B4019C300AD5024 /* Sources */,
				878A20242B4019C300AD5024 /* Frameworks */,
				878A20252B4019C300AD5024 /* Resources */,
			);
			buildRules = (
			);
			dependencies = (
			);
			name = sign1;
			productName = sign1;
			productReference = 878A20272B4019C300AD5024 /* sign1.app */;
			productType = "com.apple.product-type.application";
		};
		878A20362B4019C400AD5024 /* sign1Tests */ = {
			isa = PBXNativeTarget;
			buildConfigurationList = 878A204E2B4019C400AD5024 /* Build configuration list for PBXNativeTarget "sign1Tests" */;
			buildPhases = (
				878A20332B4019C400AD5024 /* Sources */,
				878A20342B4019C400AD5024 /* Frameworks */,
				878A20352B4019C400AD5024 /* Resources */,
			);
			buildRules = (
			);
			dependencies = (
				878A20392B4019C400AD5024 /* PBXTargetDependency */,
			);
			name = sign1Tests;
			productName = sign1Tests;
			productReference = 878A20372B4019C400AD5024 /* sign1Tests.xctest */;
			productType = "com.apple.product-type.bundle.unit-test";
		};
		878A20402B4019C400AD5024 /* sign1UITests */ = {
			isa = PBXNativeTarget;
			buildConfigurationList = 878A20512B4019C400AD5024 /* Build configuration list for PBXNativeTarget "sign1UITests" */;
			buildPhases = (
				878A203D2B4019C400AD5024 /* Sources */,
				878A203E2B4019C400AD5024 /* Frameworks */,
				878A203F2B4019C400AD5024 /* Resources */,
			);
			buildRules = (
			);
			dependencies = (
				878A20432B4019C400AD5024 /* PBXTargetDependency */,
			);
			name = sign1UITests;
			productName = sign1UITests;
			productReference = 878A20412B4019C400AD5024 /* sign1UITests.xctest */;
			productType = "com.apple.product-type.bundle.ui-testing";
		};
/* End PBXNativeTarget section */

/* Begin PBXProject section */
		878A201F2B4019C300AD5024 /* Project object */ = {
			isa = PBXProject;
			attributes = {
				BuildIndependentTargetsInParallel = 1;
				LastSwiftUpdateCheck = 1500;
				LastUpgradeCheck = 1500;
				TargetAttributes = {
					878A20262B4019C300AD5024 = {
						CreatedOnToolsVersion = 15.0.1;
					};
					878A20362B4019C400AD5024 = {
						CreatedOnToolsVersion = 15.0.1;
						TestTargetID = 878A20262B4019C300AD5024;
					};
					878A20402B4019C400AD5024 = {
						CreatedOnToolsVersion = 15.0.1;
						TestTargetID = 878A20262B4019C300AD5024;
					};
				};
			};
			buildConfigurationList = 878A20222B4019C300AD5024 /* Build configuration list for PBXProject "sign1" */;
			compatibilityVersion = "Xcode 14.0";
			developmentRegion = en;
			hasScannedForEncodings = 0;
			knownRegions = (
				en,
				Base,
			);
			mainGroup = 878A201E2B4019C300AD5024;
			productRefGroup = 878A20282B4019C300AD5024 /* Products */;
			projectDirPath = "";
			projectRoot = "";
			targets = (
				878A20262B4019C300AD5024 /* sign1 */,
				878A20362B4019C400AD5024 /* sign1Tests */,
				878A20402B4019C400AD5024 /* sign1UITests */,
			);
		};
/* End PBXProject section */

/* Begin PBXResourcesBuildPhase section */
		878A20252B4019C300AD5024 /* Resources */ = {
			isa = PBXResourcesBuildPhase;
			buildActionMask = 2147483647;
			files = (
				878A20322B4019C400AD5024 /* Preview Assets.xcassets in Resources */,
				878A202F2B4019C400AD5024 /* Assets.xcassets in Resources */,
			);
			runOnlyForDeploymentPostprocessing = 0;
		};
		878A20352B4019C400AD5024 /* Resources */ = {
			isa = PBXResourcesBuildPhase;
			buildActionMask = 2147483647;
			files = (
			);
			runOnlyForDeploymentPostprocessing = 0;
		};
		878A203F2B4019C400AD5024 /* Resources */ = {
			isa = PBXResourcesBuildPhase;
			buildActionMask = 2147483647;
			files = (
			);
			runOnlyForDeploymentPostprocessing = 0;
		};
/* End PBXResourcesBuildPhase section */

/* Begin PBXSourcesBuildPhase section */
		878A20232B4019C300AD5024 /* Sources */ = {
			isa = PBXSourcesBuildPhase;
			buildActionMask = 2147483647;
			files = (
				878A202D2B4019C300AD5024 /* ContentView.swift in Sources */,
				878A205B2B4020EB00AD5024 /* CameraViewAdapter.swift in Sources */,
				878A202B2B4019C300AD5024 /* sign1App.swift in Sources */,
				878A205F2B4020F800AD5024 /* CameraViewController.swift in Sources */,
				878A205D2B4020F000AD5024 /* VideoUploader.swift in Sources */,
			);
			runOnlyForDeploymentPostprocessing = 0;
		};
		878A20332B4019C400AD5024 /* Sources */ = {
			isa = PBXSourcesBuildPhase;
			buildActionMask = 2147483647;
			files = (
				878A203C2B4019C400AD5024 /* sign1Tests.swift in Sources */,
			);
			runOnlyForDeploymentPostprocessing = 0;
		};
		878A203D2B4019C400AD5024 /* Sources */ = {
			isa = PBXSourcesBuildPhase;
			buildActionMask = 2147483647;
			files = (
				878A20462B4019C400AD5024 /* sign1UITests.swift in Sources */,
				878A20482B4019C400AD5024 /* sign1UITestsLaunchTests.swift in Sources */,
			);
			runOnlyForDeploymentPostprocessing = 0;
		};
/* End PBXSourcesBuildPhase section */

/* Begin PBXTargetDependency section */
		878A20392B4019C400AD5024 /* PBXTargetDependency */ = {
			isa = PBXTargetDependency;
			target = 878A20262B4019C300AD5024 /* sign1 */;
			targetProxy = 878A20382B4019C400AD5024 /* PBXContainerItemProxy */;
		};
		878A20432B4019C400AD5024 /* PBXTargetDependency */ = {
			isa = PBXTargetDependency;
			target = 878A20262B4019C300AD5024 /* sign1 */;
			targetProxy = 878A20422B4019C400AD5024 /* PBXContainerItemProxy */;
		};
/* End PBXTargetDependency section */

/* Begin XCBuildConfiguration section */
		878A20492B4019C400AD5024 /* Debug */ = {
			isa = XCBuildConfiguration;
			buildSettings = {
				ALWAYS_SEARCH_USER_PATHS = NO;
				ASSETCATALOG_COMPILER_GENERATE_SWIFT_ASSET_SYMBOL_EXTENSIONS = YES;
				CLANG_ANALYZER_NONNULL = YES;
				CLANG_ANALYZER_NUMBER_OBJECT_CONVERSION = YES_AGGRESSIVE;
				CLANG_CXX_LANGUAGE_STANDARD = "gnu++20";
				CLANG_ENABLE_MODULES = YES;
				CLANG_ENABLE_OBJC_ARC = YES;
				CLANG_ENABLE_OBJC_WEAK = YES;
				CLANG_WARN_BLOCK_CAPTURE_AUTORELEASING = YES;
				CLANG_WARN_BOOL_CONVERSION = YES;
				CLANG_WARN_COMMA = YES;
				CLANG_WARN_CONSTANT_CONVERSION = YES;
				CLANG_WARN_DEPRECATED_OBJC_IMPLEMENTATIONS = YES;
				CLANG_WARN_DIRECT_OBJC_ISA_USAGE = YES_ERROR;
				CLANG_WARN_DOCUMENTATION_COMMENTS = YES;
				CLANG_WARN_EMPTY_BODY = YES;
				CLANG_WARN_ENUM_CONVERSION = YES;
				CLANG_WARN_INFINITE_RECURSION = YES;
				CLANG_WARN_INT_CONVERSION = YES;
				CLANG_WARN_NON_LITERAL_NULL_CONVERSION = YES;
				CLANG_WARN_OBJC_IMPLICIT_RETAIN_SELF = YES;
				CLANG_WARN_OBJC_LITERAL_CONVERSION = YES;
				CLANG_WARN_OBJC_ROOT_CLASS = YES_ERROR;
				CLANG_WARN_QUOTED_INCLUDE_IN_FRAMEWORK_HEADER = YES;
				CLANG_WARN_RANGE_LOOP_ANALYSIS = YES;
				CLANG_WARN_STRICT_PROTOTYPES = YES;
				CLANG_WARN_SUSPICIOUS_MOVE = YES;
				CLANG_WARN_UNGUARDED_AVAILABILITY = YES_AGGRESSIVE;
				CLANG_WARN_UNREACHABLE_CODE = YES;
				CLANG_WARN__DUPLICATE_METHOD_MATCH = YES;
				COPY_PHASE_STRIP = NO;
				DEBUG_INFORMATION_FORMAT = dwarf;
				ENABLE_STRICT_OBJC_MSGSEND = YES;
				ENABLE_TESTABILITY = YES;
				ENABLE_USER_SCRIPT_SANDBOXING = YES;
				GCC_C_LANGUAGE_STANDARD = gnu17;
				GCC_DYNAMIC_NO_PIC = NO;
				GCC_NO_COMMON_BLOCKS = YES;
				GCC_OPTIMIZATION_LEVEL = 0;
				GCC_PREPROCESSOR_DEFINITIONS = (
					"DEBUG=1",
					"$(inherited)",
				);
				GCC_WARN_64_TO_32_BIT_CONVERSION = YES;
				GCC_WARN_ABOUT_RETURN_TYPE = YES_ERROR;
				GCC_WARN_UNDECLARED_SELECTOR = YES;
				GCC_WARN_UNINITIALIZED_AUTOS = YES_AGGRESSIVE;
				GCC_WARN_UNUSED_FUNCTION = YES;
				GCC_WARN_UNUSED_VARIABLE = YES;
				IPHONEOS_DEPLOYMENT_TARGET = 17.0;
				LOCALIZATION_PREFERS_STRING_CATALOGS = YES;
				MTL_ENABLE_DEBUG_INFO = INCLUDE_SOURCE;
				MTL_FAST_MATH = YES;
				ONLY_ACTIVE_ARCH = YES;
				SDKROOT = iphoneos;
				SWIFT_ACTIVE_COMPILATION_CONDITIONS = "DEBUG $(inherited)";
				SWIFT_OPTIMIZATION_LEVEL = "-Onone";
			};
			name = Debug;
		};
		878A204A2B4019C400AD5024 /* Release */ = {
			isa = XCBuildConfiguration;
			buildSettings = {
				ALWAYS_SEARCH_USER_PATHS = NO;
				ASSETCATALOG_COMPILER_GENERATE_SWIFT_ASSET_SYMBOL_EXTENSIONS = YES;
				CLANG_ANALYZER_NONNULL = YES;
				CLANG_ANALYZER_NUMBER_OBJECT_CONVERSION = YES_AGGRESSIVE;
				CLANG_CXX_LANGUAGE_STANDARD = "gnu++20";
				CLANG_ENABLE_MODULES = YES;
				CLANG_ENABLE_OBJC_ARC = YES;
				CLANG_ENABLE_OBJC_WEAK = YES;
				CLANG_WARN_BLOCK_CAPTURE_AUTORELEASING = YES;
				CLANG_WARN_BOOL_CONVERSION = YES;
				CLANG_WARN_COMMA = YES;
				CLANG_WARN_CONSTANT_CONVERSION = YES;
				CLANG_WARN_DEPRECATED_OBJC_IMPLEMENTATIONS = YES;
				CLANG_WARN_DIRECT_OBJC_ISA_USAGE = YES_ERROR;
				CLANG_WARN_DOCUMENTATION_COMMENTS = YES;
				CLANG_WARN_EMPTY_BODY = YES;
				CLANG_WARN_ENUM_CONVERSION = YES;
				CLANG_WARN_INFINITE_RECURSION = YES;
				CLANG_WARN_INT_CONVERSION = YES;
				CLANG_WARN_NON_LITERAL_NULL_CONVERSION = YES;
				CLANG_WARN_OBJC_IMPLICIT_RETAIN_SELF = YES;
				CLANG_WARN_OBJC_LITERAL_CONVERSION = YES;
				CLANG_WARN_OBJC_ROOT_CLASS = YES_ERROR;
				CLANG_WARN_QUOTED_INCLUDE_IN_FRAMEWORK_HEADER = YES;
				CLANG_WARN_RANGE_LOOP_ANALYSIS = YES;
				CLANG_WARN_STRICT_PROTOTYPES = YES;
				CLANG_WARN_SUSPICIOUS_MOVE = YES;
				CLANG_WARN_UNGUARDED_AVAILABILITY = YES_AGGRESSIVE;
				CLANG_WARN_UNREACHABLE_CODE = YES;
				CLANG_WARN__DUPLICATE_METHOD_MATCH = YES;
				COPY_PHASE_STRIP = NO;
				DEBUG_INFORMATION_FORMAT = "dwarf-with-dsym";
				ENABLE_NS_ASSERTIONS = NO;
				ENABLE_STRICT_OBJC_MSGSEND = YES;
				ENABLE_USER_SCRIPT_SANDBOXING = YES;
				GCC_C_LANGUAGE_STANDARD = gnu17;
				GCC_NO_COMMON_BLOCKS = YES;
				GCC_WARN_64_TO_32_BIT_CONVERSION = YES;
				GCC_WARN_ABOUT_RETURN_TYPE = YES_ERROR;
				GCC_WARN_UNDECLARED_SELECTOR = YES;
				GCC_WARN_UNINITIALIZED_AUTOS = YES_AGGRESSIVE;
				GCC_WARN_UNUSED_FUNCTION = YES;
				GCC_WARN_UNUSED_VARIABLE = YES;
				IPHONEOS_DEPLOYMENT_TARGET = 17.0;
				LOCALIZATION_PREFERS_STRING_CATALOGS = YES;
				MTL_ENABLE_DEBUG_INFO = NO;
				MTL_FAST_MATH = YES;
				SDKROOT = iphoneos;
				SWIFT_COMPILATION_MODE = wholemodule;
				VALIDATE_PRODUCT = YES;
			};
			name = Release;
		};
		878A204C2B4019C400AD5024 /* Debug */ = {
			isa = XCBuildConfiguration;
			buildSettings = {
				ASSETCATALOG_COMPILER_APPICON_NAME = AppIcon;
				ASSETCATALOG_COMPILER_GLOBAL_ACCENT_COLOR_NAME = AccentColor;
				CODE_SIGN_STYLE = Automatic;
				CURRENT_PROJECT_VERSION = 1;
				DEVELOPMENT_ASSET_PATHS = "\"sign1/Preview Content\"";
				ENABLE_PREVIEWS = YES;
				GENERATE_INFOPLIST_FILE = YES;
				INFOPLIST_FILE = sign1/Info.plist;
				INFOPLIST_KEY_CFBundleDisplayName = SignLR;
				INFOPLIST_KEY_LSApplicationCategoryType = "";
				INFOPLIST_KEY_NSHumanReadableCopyright = "";
				INFOPLIST_KEY_UIApplicationSceneManifest_Generation = YES;
				INFOPLIST_KEY_UIApplicationSupportsIndirectInputEvents = YES;
				INFOPLIST_KEY_UILaunchScreen_Generation = YES;
				INFOPLIST_KEY_UISupportedInterfaceOrientations_iPad = "UIInterfaceOrientationPortrait UIInterfaceOrientationPortraitUpsideDown UIInterfaceOrientationLandscapeLeft UIInterfaceOrientationLandscapeRight";
				INFOPLIST_KEY_UISupportedInterfaceOrientations_iPhone = "UIInterfaceOrientationPortrait UIInterfaceOrientationLandscapeLeft UIInterfaceOrientationLandscapeRight";
				LD_RUNPATH_SEARCH_PATHS = (
					"$(inherited)",
					"@executable_path/Frameworks",
				);
				MARKETING_VERSION = 1.0;
				PRODUCT_BUNDLE_IDENTIFIER = ch.sign1;
				PRODUCT_NAME = "$(TARGET_NAME)";
				SWIFT_EMIT_LOC_STRINGS = YES;
				SWIFT_VERSION = 5.0;
				TARGETED_DEVICE_FAMILY = "1,2";
			};
			name = Debug;
		};
		878A204D2B4019C400AD5024 /* Release */ = {
			isa = XCBuildConfiguration;
			buildSettings = {
				ASSETCATALOG_COMPILER_APPICON_NAME = AppIcon;
				ASSETCATALOG_COMPILER_GLOBAL_ACCENT_COLOR_NAME = AccentColor;
				CODE_SIGN_STYLE = Automatic;
				CURRENT_PROJECT_VERSION = 1;
				DEVELOPMENT_ASSET_PATHS = "\"sign1/Preview Content\"";
				ENABLE_PREVIEWS = YES;
				GENERATE_INFOPLIST_FILE = YES;
				INFOPLIST_FILE = sign1/Info.plist;
				INFOPLIST_KEY_CFBundleDisplayName = SignLR;
				INFOPLIST_KEY_LSApplicationCategoryType = "";
				INFOPLIST_KEY_NSHumanReadableCopyright = "";
				INFOPLIST_KEY_UIApplicationSceneManifest_Generation = YES;
				INFOPLIST_KEY_UIApplicationSupportsIndirectInputEvents = YES;
				INFOPLIST_KEY_UILaunchScreen_Generation = YES;
				INFOPLIST_KEY_UISupportedInterfaceOrientations_iPad = "UIInterfaceOrientationPortrait UIInterfaceOrientationPortraitUpsideDown UIInterfaceOrientationLandscapeLeft UIInterfaceOrientationLandscapeRight";
				INFOPLIST_KEY_UISupportedInterfaceOrientations_iPhone = "UIInterfaceOrientationPortrait UIInterfaceOrientationLandscapeLeft UIInterfaceOrientationLandscapeRight";
				LD_RUNPATH_SEARCH_PATHS = (
					"$(inherited)",
					"@executable_path/Frameworks",
				);
				MARKETING_VERSION = 1.0;
				PRODUCT_BUNDLE_IDENTIFIER = ch.sign1;
				PRODUCT_NAME = "$(TARGET_NAME)";
				SWIFT_EMIT_LOC_STRINGS = YES;
				SWIFT_VERSION = 5.0;
				TARGETED_DEVICE_FAMILY = "1,2";
			};
			name = Release;
		};
		878A204F2B4019C400AD5024 /* Debug */ = {
			isa = XCBuildConfiguration;
			buildSettings = {
				ALWAYS_EMBED_SWIFT_STANDARD_LIBRARIES = YES;
				BUNDLE_LOADER = "$(TEST_HOST)";
				CODE_SIGN_STYLE = Automatic;
				CURRENT_PROJECT_VERSION = 1;
				GENERATE_INFOPLIST_FILE = YES;
				IPHONEOS_DEPLOYMENT_TARGET = 17.0;
				MARKETING_VERSION = 1.0;
				PRODUCT_BUNDLE_IDENTIFIER = ch.sign1Tests;
				PRODUCT_NAME = "$(TARGET_NAME)";
				SWIFT_EMIT_LOC_STRINGS = NO;
				SWIFT_VERSION = 5.0;
				TARGETED_DEVICE_FAMILY = "1,2";
				TEST_HOST = "$(BUILT_PRODUCTS_DIR)/sign1.app/$(BUNDLE_EXECUTABLE_FOLDER_PATH)/sign1";
			};
			name = Debug;
		};
		878A20502B4019C400AD5024 /* Release */ = {
			isa = XCBuildConfiguration;
			buildSettings = {
				ALWAYS_EMBED_SWIFT_STANDARD_LIBRARIES = YES;
				BUNDLE_LOADER = "$(TEST_HOST)";
				CODE_SIGN_STYLE = Automatic;
				CURRENT_PROJECT_VERSION = 1;
				GENERATE_INFOPLIST_FILE = YES;
				IPHONEOS_DEPLOYMENT_TARGET = 17.0;
				MARKETING_VERSION = 1.0;
				PRODUCT_BUNDLE_IDENTIFIER = ch.sign1Tests;
				PRODUCT_NAME = "$(TARGET_NAME)";
				SWIFT_EMIT_LOC_STRINGS = NO;
				SWIFT_VERSION = 5.0;
				TARGETED_DEVICE_FAMILY = "1,2";
				TEST_HOST = "$(BUILT_PRODUCTS_DIR)/sign1.app/$(BUNDLE_EXECUTABLE_FOLDER_PATH)/sign1";
			};
			name = Release;
		};
		878A20522B4019C400AD5024 /* Debug */ = {
			isa = XCBuildConfiguration;
			buildSettings = {
				ALWAYS_EMBED_SWIFT_STANDARD_LIBRARIES = YES;
				CODE_SIGN_STYLE = Automatic;
				CURRENT_PROJECT_VERSION = 1;
				GENERATE_INFOPLIST_FILE = YES;
				MARKETING_VERSION = 1.0;
				PRODUCT_BUNDLE_IDENTIFIER = ch.sign1UITests;
				PRODUCT_NAME = "$(TARGET_NAME)";
				SWIFT_EMIT_LOC_STRINGS = NO;
				SWIFT_VERSION = 5.0;
				TARGETED_DEVICE_FAMILY = "1,2";
				TEST_TARGET_NAME = sign1;
			};
			name = Debug;
		};
		878A20532B4019C400AD5024 /* Release */ = {
			isa = XCBuildConfiguration;
			buildSettings = {
				ALWAYS_EMBED_SWIFT_STANDARD_LIBRARIES = YES;
				CODE_SIGN_STYLE = Automatic;
				CURRENT_PROJECT_VERSION = 1;
				GENERATE_INFOPLIST_FILE = YES;
				MARKETING_VERSION = 1.0;
				PRODUCT_BUNDLE_IDENTIFIER = ch.sign1UITests;
				PRODUCT_NAME = "$(TARGET_NAME)";
				SWIFT_EMIT_LOC_STRINGS = NO;
				SWIFT_VERSION = 5.0;
				TARGETED_DEVICE_FAMILY = "1,2";
				TEST_TARGET_NAME = sign1;
			};
			name = Release;
		};
/* End XCBuildConfiguration section */

/* Begin XCConfigurationList section */
		878A20222B4019C300AD5024 /* Build configuration list for PBXProject "sign1" */ = {
			isa = XCConfigurationList;
			buildConfigurations = (
				878A20492B4019C400AD5024 /* Debug */,
				878A204A2B4019C400AD5024 /* Release */,
			);
			defaultConfigurationIsVisible = 0;
			defaultConfigurationName = Release;
		};
		878A204B2B4019C400AD5024 /* Build configuration list for PBXNativeTarget "sign1" */ = {
			isa = XCConfigurationList;
			buildConfigurations = (
				878A204C2B4019C400AD5024 /* Debug */,
				878A204D2B4019C400AD5024 /* Release */,
			);
			defaultConfigurationIsVisible = 0;
			defaultConfigurationName = Release;
		};
		878A204E2B4019C400AD5024 /* Build configuration list for PBXNativeTarget "sign1Tests" */ = {
			isa = XCConfigurationList;
			buildConfigurations = (
				878A204F2B4019C400AD5024 /* Debug */,
				878A20502B4019C400AD5024 /* Release */,
			);
			defaultConfigurationIsVisible = 0;
			defaultConfigurationName = Release;
		};
		878A20512B4019C400AD5024 /* Build configuration list for PBXNativeTarget "sign1UITests" */ = {
			isa = XCConfigurationList;
			buildConfigurations = (
				878A20522B4019C400AD5024 /* Debug */,
				878A20532B4019C400AD5024 /* Release */,
			);
			defaultConfigurationIsVisible = 0;
			defaultConfigurationName = Release;
		};
/* End XCConfigurationList section */
	};
	rootObject = 878A201F2B4019C300AD5024 /* Project object */;
}
